
Microsoft Visual Studio Solution File, Format Version 11.00
# Visual Studio 2010
Project("{FAE04EC0-301F-11D3-BF4B-00C04F79EFBC}") = "frizb", "Assembly-CSharp.csproj", "{51600E48-8358-AC88-58DB-101AF3507518}"
EndProject
Project("{FAE04EC0-301F-11D3-BF4B-00C04F79EFBC}") = "frizb", "Assembly-CSharp-Editor.csproj", "{5DD6E131-B463-2F6E-8E8A-43F586C36FBC}"
EndProject
Global
	GlobalSection(SolutionConfigurationPlatforms) = preSolution
		Debug|Any CPU = Debug|Any CPU
		Release|Any CPU = Release|Any CPU
	EndGlobalSection
	GlobalSection(ProjectConfigurationPlatforms) = postSolution
		{51600E48-8358-AC88-58DB-101AF3507518}.Debug|Any CPU.ActiveCfg = Debug|Any CPU
		{51600E48-8358-AC88-58DB-101AF3507518}.Debug|Any CPU.Build.0 = Debug|Any CPU
		{51600E48-8358-AC88-58DB-101AF3507518}.Release|Any CPU.ActiveCfg = Release|Any CPU
		{51600E48-8358-AC88-58DB-101AF3507518}.Release|Any CPU.Build.0 = Release|Any CPU
		{5DD6E131-B463-2F6E-8E8A-43F586C36FBC}.Debug|Any CPU.ActiveCfg = Debug|Any CPU
		{5DD6E131-B463-2F6E-8E8A-43F586C36FBC}.Debug|Any CPU.Build.0 = Debug|Any CPU
		{5DD6E131-B463-2F6E-8E8A-43F586C36FBC}.Release|Any CPU.ActiveCfg = Release|Any CPU
		{5DD6E131-B463-2F6E-8E8A-43F586C36FBC}.Release|Any CPU.Build.0 = Release|Any CPU
	EndGlobalSection
	GlobalSection(SolutionProperties) = preSolution
		HideSolutionNode = FALSE
	EndGlobalSection
	GlobalSection(MonoDevelopProperties) = preSolution
		StartupItem = Assembly-CSharp.csproj
	EndGlobalSection
EndGlobal
